
Microsoft Visual Studio Solution File, Format Version 12.00
# Visual Studio 2015
Project("{FAE04EC0-301F-11D3-BF4B-00C04F79EFBC}") = "BasketBallCourt", "BasketBallCourt.csproj", "{352FBA60-7DEA-8132-5752-E888814AD81B}"
EndProject
Project("{FAE04EC0-301F-11D3-BF4B-00C04F79EFBC}") = "BasketBallCourt.Editor", "BasketBallCourt.Editor.csproj", "{5AFD127B-43F5-3149-9E48-ACBF24EB4AE8}"
EndProject
Global
	GlobalSection(SolutionConfigurationPlatforms) = preSolution
		Debug|Any CPU = Debug|Any CPU
		Release|Any CPU = Release|Any CPU
	EndGlobalSection
	GlobalSection(ProjectConfigurationPlatforms) = postSolution
		{352FBA60-7DEA-8132-5752-E888814AD81B}.Debug|Any CPU.ActiveCfg = Debug|Any CPU
		{352FBA60-7DEA-8132-5752-E888814AD81B}.Debug|Any CPU.Build.0 = Debug|Any CPU
		{352FBA60-7DEA-8132-5752-E888814AD81B}.Release|Any CPU.ActiveCfg = Release|Any CPU
		{352FBA60-7DEA-8132-5752-E888814AD81B}.Release|Any CPU.Build.0 = Release|Any CPU
		{5AFD127B-43F5-3149-9E48-ACBF24EB4AE8}.Debug|Any CPU.ActiveCfg = Debug|Any CPU
		{5AFD127B-43F5-3149-9E48-ACBF24EB4AE8}.Debug|Any CPU.Build.0 = Debug|Any CPU
		{5AFD127B-43F5-3149-9E48-ACBF24EB4AE8}.Release|Any CPU.ActiveCfg = Release|Any CPU
		{5AFD127B-43F5-3149-9E48-ACBF24EB4AE8}.Release|Any CPU.Build.0 = Release|Any CPU
	EndGlobalSection
	GlobalSection(SolutionProperties) = preSolution
		HideSolutionNode = FALSE
	EndGlobalSection
EndGlobal
